{
  "originHash" : "a6966d219d8aac8f5d04f7f0f9320e4bdbd976a647b482727b6bf860616ad75c",
  "pins" : [
    {
      "identity" : "swift-argument-parser",
      "kind" : "remoteSourceControl",
      "location" : "https://github.com/apple/swift-argument-parser.git",
      "state" : {
        "revision" : "c8ed701b513cf5177118a175d85fbbbcd707ab41",
        "version" : "1.3.0"
      }
    },
    {
      "identity" : "unifiedblurhash",
      "kind" : "remoteSourceControl",
      "location" : "https://github.com/iankoex/UnifiedBlurHash",
      "state" : {
        "branch" : "main",
        "revision" : "39d18f3526c62e950c97090aac75d5dac1de9b21"
      }
    }
  ],
  "version" : 3
}
